// !$*UTF8*$!
{
	archiveVersion = 1;
	classes = {
	};
	objectVersion = 50;
	objects = {

/* Begin PBXBuildFile section */
		C9721B772672A16F0079A9FE /* AppDelegate.swift in Sources */ = {isa = PBXBuildFile; fileRef = C9721B762672A16F0079A9FE /* AppDelegate.swift */; };
		C9721B792672A16F0079A9FE /* SceneDelegate.swift in Sources */ = {isa = PBXBuildFile; fileRef = C9721B782672A16F0079A9FE /* SceneDelegate.swift */; };
		C9721B7E2672A16F0079A9FE /* Main.storyboard in Resources */ = {isa = PBXBuildFile; fileRef = C9721B7C2672A16F0079A9FE /* Main.storyboard */; };
		C9721B802672A1710079A9FE /* Assets.xcassets in Resources */ = {isa = PBXBuildFile; fileRef = C9721B7F2672A1710079A9FE /* Assets.xcassets */; };
		C9721B8D2673636E0079A9FE /* TableViewController.swift in Sources */ = {isa = PBXBuildFile; fileRef = C9721B8C2673636E0079A9FE /* TableViewController.swift */; };
		C9721B90267363D10079A9FE /* Model.swift in Sources */ = {isa = PBXBuildFile; fileRef = C9721B8F267363D10079A9FE /* Model.swift */; };
		C9C2C2282677DF6C003FFE20 /* LaunchScreen.storyboard in Resources */ = {isa = PBXBuildFile; fileRef = C9721B812672A1710079A9FE /* LaunchScreen.storyboard */; };
/* End PBXBuildFile section */

/* Begin PBXFileReference section */
		C9721B732672A16F0079A9FE /* My Point.app */ = {isa = PBXFileReference; explicitFileType = wrapper.application; includeInIndex = 0; path = "My Point.app"; sourceTree = BUILT_PRODUCTS_DIR; };
		C9721B762672A16F0079A9FE /* AppDelegate.swift */ = {isa = PBXFileReference; lastKnownFileType = sourcecode.swift; path = AppDelegate.swift; sourceTree = "<group>"; };
		C9721B782672A16F0079A9FE /* SceneDelegate.swift */ = {isa = PBXFileReference; lastKnownFileType = sourcecode.swift; path = SceneDelegate.swift; sourceTree = "<group>"; };
		C9721B7D2672A16F0079A9FE /* Base */ = {isa = PBXFileReference; lastKnownFileType = file.storyboard; name = Base; path = Base.lproj/Main.storyboard; sourceTree = "<group>"; };
		C9721B7F2672A1710079A9FE /* Assets.xcassets */ = {isa = PBXFileReference; lastKnownFileType = folder.assetcatalog; path = Assets.xcassets; sourceTree = "<group>"; };
		C9721B822672A1710079A9FE /* Base */ = {isa = PBXFileReference; lastKnownFileType = file.storyboard; name = Base; path = Base.lproj/LaunchScreen.storyboard; sourceTree = "<group>"; };
		C9721B842672A1710079A9FE /* Info.plist */ = {isa = PBXFileReference; lastKnownFileType = text.plist.xml; path = Info.plist; sourceTree = "<group>"; };
		C9721B8C2673636E0079A9FE /* TableViewController.swift */ = {isa = PBXFileReference; lastKnownFileType = sourcecode.swift; path = TableViewController.swift; sourceTree = "<group>"; };
		C9721B8F267363D10079A9FE /* Model.swift */ = {isa = PBXFileReference; lastKnownFileType = sourcecode.swift; path = Model.swift; sourceTree = "<group>"; };
/* End PBXFileReference section */

/* Begin PBXFrameworksBuildPhase section */
		C9721B702672A16F0079A9FE /* Frameworks */ = {
			isa = PBXFrameworksBuildPhase;
			buildActionMask = 2147483647;
			files = (
			);
			runOnlyForDeploymentPostprocessing = 0;
		};
/* End PBXFrameworksBuildPhase section */

/* Begin PBXGroup section */
		C9721B6A2672A16F0079A9FE = {
			isa = PBXGroup;
			children = (
				C9721B752672A16F0079A9FE /* MyPoint */,
				C9721B742672A16F0079A9FE /* Products */,
			);
			sourceTree = "<group>";
		};
		C9721B742672A16F0079A9FE /* Products */ = {
			isa = PBXGroup;
			children = (
				C9721B732672A16F0079A9FE /* My Point.app */,
			);
			name = Products;
			sourceTree = "<group>";
		};
		C9721B752672A16F0079A9FE /* MyPoint */ = {
			isa = PBXGroup;
			children = (
				C9721B762672A16F0079A9FE /* AppDelegate.swift */,
				C9721B782672A16F0079A9FE /* SceneDelegate.swift */,
				C9721B7C2672A16F0079A9FE /* Main.storyboard */,
				C9721B7F2672A1710079A9FE /* Assets.xcassets */,
				C9721B812672A1710079A9FE /* LaunchScreen.storyboard */,
				C9721B842672A1710079A9FE /* Info.plist */,
				C9721B8C2673636E0079A9FE /* TableViewController.swift */,
				C9721B8F267363D10079A9FE /* Model.swift */,
			);
			path = MyPoint;
			sourceTree = "<group>";
		};
/* End PBXGroup section */

/* Begin PBXNativeTarget section */
		C9721B722672A16F0079A9FE /* My Point */ = {
			isa = PBXNativeTarget;
			buildConfigurationList = C9721B872672A1710079A9FE /* Build configuration list for PBXNativeTarget "My Point" */;
			buildPhases = (
				C9721B6F2672A16F0079A9FE /* Sources */,
				C9721B702672A16F0079A9FE /* Frameworks */,
				C9721B712672A16F0079A9FE /* Resources */,
			);
			buildRules = (
			);
			dependencies = (
			);
			name = "My Point";
			productName = "toDo Project";
			productReference = C9721B732672A16F0079A9FE /* My Point.app */;
			productType = "com.apple.product-type.application";
		};
/* End PBXNativeTarget section */

/* Begin PBXProject section */
		C9721B6B2672A16F0079A9FE /* Project object */ = {
			isa = PBXProject;
			attributes = {
				LastSwiftUpdateCheck = 1240;
				LastUpgradeCheck = 1240;
				TargetAttributes = {
					C9721B722672A16F0079A9FE = {
						CreatedOnToolsVersion = 12.4;
					};
				};
			};
			buildConfigurationList = C9721B6E2672A16F0079A9FE /* Build configuration list for PBXProject "My Point" */;
			compatibilityVersion = "Xcode 9.3";
			developmentRegion = en;
			hasScannedForEncodings = 0;
			knownRegions = (
				en,
				Base,
			);
			mainGroup = C9721B6A2672A16F0079A9FE;
			productRefGroup = C9721B742672A16F0079A9FE /* Products */;
			projectDirPath = "";
			projectRoot = "";
			targets = (
				C9721B722672A16F0079A9FE /* My Point */,
			);
		};
/* End PBXProject section */

/* Begin PBXResourcesBuildPhase section */
		C9721B712672A16F0079A9FE /* Resources */ = {
			isa = PBXResourcesBuildPhase;
			buildActionMask = 2147483647;
			files = (
				C9C2C2282677DF6C003FFE20 /* LaunchScreen.storyboard in Resources */,
				C9721B802672A1710079A9FE /* Assets.xcassets in Resources */,
				C9721B7E2672A16F0079A9FE /* Main.storyboard in Resources */,
			);
			runOnlyForDeploymentPostprocessing = 0;
		};
/* End PBXResourcesBuildPhase section */

/* Begin PBXSourcesBuildPhase section */
		C9721B6F2672A16F0079A9FE /* Sources */ = {
			isa = PBXSourcesBuildPhase;
			buildActionMask = 2147483647;
			files = (
				C9721B772672A16F0079A9FE /* AppDelegate.swift in Sources */,
				C9721B8D2673636E0079A9FE /* TableViewController.swift in Sources */,
				C9721B792672A16F0079A9FE /* SceneDelegate.swift in Sources */,
				C9721B90267363D10079A9FE /* Model.swift in Sources */,
			);
			runOnlyForDeploymentPostprocessing = 0;
		};
/* End PBXSourcesBuildPhase section */

/* Begin PBXVariantGroup section */
		C9721B7C2672A16F0079A9FE /* Main.storyboard */ = {
			isa = PBXVariantGroup;
			children = (
				C9721B7D2672A16F0079A9FE /* Base */,
			);
			name = Main.storyboard;
			sourceTree = "<group>";
		};
		C9721B812672A1710079A9FE /* LaunchScreen.storyboard */ = {
			isa = PBXVariantGroup;
			children = (
				C9721B822672A1710079A9FE /* Base */,
			);
			name = LaunchScreen.storyboard;
			sourceTree = "<group>";
		};
/* End PBXVariantGroup section */

/* Begin XCBuildConfiguration section */
		C9721B852672A1710079A9FE /* Debug */ = {
			isa = XCBuildConfiguration;
			buildSettings = {
				ALWAYS_SEARCH_USER_PATHS = NO;
				CLANG_ANALYZER_NONNULL = YES;
				CLANG_ANALYZER_NUMBER_OBJECT_CONVERSION = YES_AGGRESSIVE;
				CLANG_CXX_LANGUAGE_STANDARD = "gnu++14";
				CLANG_CXX_LIBRARY = "libc++";
				CLANG_ENABLE_MODULES = YES;
				CLANG_ENABLE_OBJC_ARC = YES;
				CLANG_ENABLE_OBJC_WEAK = YES;
				CLANG_WARN_BLOCK_CAPTURE_AUTORELEASING = YES;
				CLANG_WARN_BOOL_CONVERSION = YES;
				CLANG_WARN_COMMA = YES;
				CLANG_WARN_CONSTANT_CONVERSION = YES;
				CLANG_WARN_DEPRECATED_OBJC_IMPLEMENTATIONS = YES;
				CLANG_WARN_DIRECT_OBJC_ISA_USAGE = YES_ERROR;
				CLANG_WARN_DOCUMENTATION_COMMENTS = YES;
				CLANG_WARN_EMPTY_BODY = YES;
				CLANG_WARN_ENUM_CONVERSION = YES;
				CLANG_WARN_INFINITE_RECURSION = YES;
				CLANG_WARN_INT_CONVERSION = YES;
				CLANG_WARN_NON_LITERAL_NULL_CONVERSION = YES;
				CLANG_WARN_OBJC_IMPLICIT_RETAIN_SELF = YES;
				CLANG_WARN_OBJC_LITERAL_CONVERSION = YES;
				CLANG_WARN_OBJC_ROOT_CLASS = YES_ERROR;
				CLANG_WARN_QUOTED_INCLUDE_IN_FRAMEWORK_HEADER = YES;
				CLANG_WARN_RANGE_LOOP_ANALYSIS = YES;
				CLANG_WARN_STRICT_PROTOTYPES = YES;
				CLANG_WARN_SUSPICIOUS_MOVE = YES;
				CLANG_WARN_UNGUARDED_AVAILABILITY = YES_AGGRESSIVE;
				CLANG_WARN_UNREACHABLE_CODE = YES;
				CLANG_WARN__DUPLICATE_METHOD_MATCH = YES;
				COPY_PHASE_STRIP = NO;
				DEBUG_INFORMATION_FORMAT = dwarf;
				ENABLE_STRICT_OBJC_MSGSEND = YES;
				ENABLE_TESTABILITY = YES;
				GCC_C_LANGUAGE_STANDARD = gnu11;
				GCC_DYNAMIC_NO_PIC = NO;
				GCC_NO_COMMON_BLOCKS = YES;
				GCC_OPTIMIZATION_LEVEL = 0;
				GCC_PREPROCESSOR_DEFINITIONS = (
					"DEBUG=1",
					"$(inherited)",
				);
				GCC_WARN_64_TO_32_BIT_CONVERSION = YES;
				GCC_WARN_ABOUT_RETURN_TYPE = YES_ERROR;
				GCC_WARN_UNDECLARED_SELECTOR = YES;
				GCC_WARN_UNINITIALIZED_AUTOS = YES_AGGRESSIVE;
				GCC_WARN_UNUSED_FUNCTION = YES;
				GCC_WARN_UNUSED_VARIABLE = YES;
				IPHONEOS_DEPLOYMENT_TARGET = 14.4;
				MTL_ENABLE_DEBUG_INFO = INCLUDE_SOURCE;
				MTL_FAST_MATH = YES;
				ONLY_ACTIVE_ARCH = YES;
				SDKROOT = iphoneos;
				SWIFT_ACTIVE_COMPILATION_CONDITIONS = DEBUG;
				SWIFT_OPTIMIZATION_LEVEL = "-Onone";
			};
			name = Debug;
		};
		C9721B862672A1710079A9FE /* Release */ = {
			isa = XCBuildConfiguration;
			buildSettings = {
				ALWAYS_SEARCH_USER_PATHS = NO;
				CLANG_ANALYZER_NONNULL = YES;
				CLANG_ANALYZER_NUMBER_OBJECT_CONVERSION = YES_AGGRESSIVE;
				CLANG_CXX_LANGUAGE_STANDARD = "gnu++14";
				CLANG_CXX_LIBRARY = "libc++";
				CLANG_ENABLE_MODULES = YES;
				CLANG_ENABLE_OBJC_ARC = YES;
				CLANG_ENABLE_OBJC_WEAK = YES;
				CLANG_WARN_BLOCK_CAPTURE_AUTORELEASING = YES;
				CLANG_WARN_BOOL_CONVERSION = YES;
				CLANG_WARN_COMMA = YES;
				CLANG_WARN_CONSTANT_CONVERSION = YES;
				CLANG_WARN_DEPRECATED_OBJC_IMPLEMENTATIONS = YES;
				CLANG_WARN_DIRECT_OBJC_ISA_USAGE = YES_ERROR;
				CLANG_WARN_DOCUMENTATION_COMMENTS = YES;
				CLANG_WARN_EMPTY_BODY = YES;
				CLANG_WARN_ENUM_CONVERSION = YES;
				CLANG_WARN_INFINITE_RECURSION = YES;
				CLANG_WARN_INT_CONVERSION = YES;
				CLANG_WARN_NON_LITERAL_NULL_CONVERSION = YES;
				CLANG_WARN_OBJC_IMPLICIT_RETAIN_SELF = YES;
				CLANG_WARN_OBJC_LITERAL_CONVERSION = YES;
				CLANG_WARN_OBJC_ROOT_CLASS = YES_ERROR;
				CLANG_WARN_QUOTED_INCLUDE_IN_FRAMEWORK_HEADER = YES;
				CLANG_WARN_RANGE_LOOP_ANALYSIS = YES;
				CLANG_WARN_STRICT_PROTOTYPES = YES;
				CLANG_WARN_SUSPICIOUS_MOVE = YES;
				CLANG_WARN_UNGUARDED_AVAILABILITY = YES_AGGRESSIVE;
				CLANG_WARN_UNREACHABLE_CODE = YES;
				CLANG_WARN__DUPLICATE_METHOD_MATCH = YES;
				COPY_PHASE_STRIP = NO;
				DEBUG_INFORMATION_FORMAT = "dwarf-with-dsym";
				ENABLE_NS_ASSERTIONS = NO;
				ENABLE_STRICT_OBJC_MSGSEND = YES;
				GCC_C_LANGUAGE_STANDARD = gnu11;
				GCC_NO_COMMON_BLOCKS = YES;
				GCC_WARN_64_TO_32_BIT_CONVERSION = YES;
				GCC_WARN_ABOUT_RETURN_TYPE = YES_ERROR;
				GCC_WARN_UNDECLARED_SELECTOR = YES;
				GCC_WARN_UNINITIALIZED_AUTOS = YES_AGGRESSIVE;
				GCC_WARN_UNUSED_FUNCTION = YES;
				GCC_WARN_UNUSED_VARIABLE = YES;
				IPHONEOS_DEPLOYMENT_TARGET = 14.4;
				MTL_ENABLE_DEBUG_INFO = NO;
				MTL_FAST_MATH = YES;
				SDKROOT = iphoneos;
				SWIFT_COMPILATION_MODE = wholemodule;
				SWIFT_OPTIMIZATION_LEVEL = "-O";
				VALIDATE_PRODUCT = YES;
			};
			name = Release;
		};
		C9721B882672A1710079A9FE /* Debug */ = {
			isa = XCBuildConfiguration;
			buildSettings = {
				ASSETCATALOG_COMPILER_APPICON_NAME = AppIcon;
				ASSETCATALOG_COMPILER_GLOBAL_ACCENT_COLOR_NAME = AccentColor;
				CODE_SIGN_STYLE = Automatic;
				DEVELOPMENT_TEAM = NXHNMN6U6U;
				INFOPLIST_FILE = "toDo Project/Info.plist";
				LD_RUNPATH_SEARCH_PATHS = (
					"$(inherited)",
					"@executable_path/Frameworks",
				);
				PRODUCT_BUNDLE_IDENTIFIER = "Andrey-Kim.toDo-Project";
				PRODUCT_NAME = "$(TARGET_NAME)";
				SWIFT_VERSION = 5.0;
				TARGETED_DEVICE_FAMILY = "1,2";
			};
			name = Debug;
		};
		C9721B892672A1710079A9FE /* Release */ = {
			isa = XCBuildConfiguration;
			buildSettings = {
				ASSETCATALOG_COMPILER_APPICON_NAME = AppIcon;
				ASSETCATALOG_COMPILER_GLOBAL_ACCENT_COLOR_NAME = AccentColor;
				CODE_SIGN_STYLE = Automatic;
				DEVELOPMENT_TEAM = NXHNMN6U6U;
				INFOPLIST_FILE = "toDo Project/Info.plist";
				LD_RUNPATH_SEARCH_PATHS = (
					"$(inherited)",
					"@executable_path/Frameworks",
				);
				PRODUCT_BUNDLE_IDENTIFIER = "Andrey-Kim.toDo-Project";
				PRODUCT_NAME = "$(TARGET_NAME)";
				SWIFT_VERSION = 5.0;
				TARGETED_DEVICE_FAMILY = "1,2";
			};
			name = Release;
		};
/* End XCBuildConfiguration section */

/* Begin XCConfigurationList section */
		C9721B6E2672A16F0079A9FE /* Build configuration list for PBXProject "My Point" */ = {
			isa = XCConfigurationList;
			buildConfigurations = (
				C9721B852672A1710079A9FE /* Debug */,
				C9721B862672A1710079A9FE /* Release */,
			);
			defaultConfigurationIsVisible = 0;
			defaultConfigurationName = Release;
		};
		C9721B872672A1710079A9FE /* Build configuration list for PBXNativeTarget "My Point" */ = {
			isa = XCConfigurationList;
			buildConfigurations = (
				C9721B882672A1710079A9FE /* Debug */,
				C9721B892672A1710079A9FE /* Release */,
			);
			defaultConfigurationIsVisible = 0;
			defaultConfigurationName = Release;
		};
/* End XCConfigurationList section */
	};
	rootObject = C9721B6B2672A16F0079A9FE /* Project object */;
}
